
Microsoft Visual Studio Solution File, Format Version 12.00
# Visual Studio Version 17
VisualStudioVersion = 17.1.32228.430
MinimumVisualStudioVersion = 10.0.40219.1
Project("{9A19103F-16F7-4668-BE54-9A1E7A4F7556}") = "MOF", "MOF\MOF.csproj", "{D1F8BBAD-6303-4A6B-B1BE-8EC5DC09B1AE}"
EndProject
Project("{9A19103F-16F7-4668-BE54-9A1E7A4F7556}") = "MOF.Tests", "MOF.Tests\MOF.Tests.csproj", "{A65DCC22-6E75-4224-B497-97AC26DE4A04}"
EndProject
Project("{9A19103F-16F7-4668-BE54-9A1E7A4F7556}") = "XMI", "XMI\XMI.csproj", "{A1438A35-34A8-4AE5-809E-8E089022865D}"
EndProject
Project("{9A19103F-16F7-4668-BE54-9A1E7A4F7556}") = "XMI.Serialization", "XMI.Serialization\XMI.Serialization.csproj", "{14678BDD-7F75-4523-9D4B-037DCF8F60FD}"
EndProject
Project("{9A19103F-16F7-4668-BE54-9A1E7A4F7556}") = "XMI.Serialization.Tests", "XMI.Serialization.Tests\XMI.Serialization.Tests.csproj", "{08CF2A44-01D8-44D0-BB03-843ED01917B7}"
EndProject
Global
	GlobalSection(SolutionConfigurationPlatforms) = preSolution
		Debug|Any CPU = Debug|Any CPU
		Release|Any CPU = Release|Any CPU
	EndGlobalSection
	GlobalSection(ProjectConfigurationPlatforms) = postSolution
		{D1F8BBAD-6303-4A6B-B1BE-8EC5DC09B1AE}.Debug|Any CPU.ActiveCfg = Debug|Any CPU
		{D1F8BBAD-6303-4A6B-B1BE-8EC5DC09B1AE}.Debug|Any CPU.Build.0 = Debug|Any CPU
		{D1F8BBAD-6303-4A6B-B1BE-8EC5DC09B1AE}.Release|Any CPU.ActiveCfg = Release|Any CPU
		{D1F8BBAD-6303-4A6B-B1BE-8EC5DC09B1AE}.Release|Any CPU.Build.0 = Release|Any CPU
		{A65DCC22-6E75-4224-B497-97AC26DE4A04}.Debug|Any CPU.ActiveCfg = Debug|Any CPU
		{A65DCC22-6E75-4224-B497-97AC26DE4A04}.Debug|Any CPU.Build.0 = Debug|Any CPU
		{A65DCC22-6E75-4224-B497-97AC26DE4A04}.Release|Any CPU.ActiveCfg = Release|Any CPU
		{A65DCC22-6E75-4224-B497-97AC26DE4A04}.Release|Any CPU.Build.0 = Release|Any CPU
		{A1438A35-34A8-4AE5-809E-8E089022865D}.Debug|Any CPU.ActiveCfg = Debug|Any CPU
		{A1438A35-34A8-4AE5-809E-8E089022865D}.Debug|Any CPU.Build.0 = Debug|Any CPU
		{A1438A35-34A8-4AE5-809E-8E089022865D}.Release|Any CPU.ActiveCfg = Release|Any CPU
		{A1438A35-34A8-4AE5-809E-8E089022865D}.Release|Any CPU.Build.0 = Release|Any CPU
		{14678BDD-7F75-4523-9D4B-037DCF8F60FD}.Debug|Any CPU.ActiveCfg = Debug|Any CPU
		{14678BDD-7F75-4523-9D4B-037DCF8F60FD}.Debug|Any CPU.Build.0 = Debug|Any CPU
		{14678BDD-7F75-4523-9D4B-037DCF8F60FD}.Release|Any CPU.ActiveCfg = Release|Any CPU
		{14678BDD-7F75-4523-9D4B-037DCF8F60FD}.Release|Any CPU.Build.0 = Release|Any CPU
		{08CF2A44-01D8-44D0-BB03-843ED01917B7}.Debug|Any CPU.ActiveCfg = Debug|Any CPU
		{08CF2A44-01D8-44D0-BB03-843ED01917B7}.Debug|Any CPU.Build.0 = Debug|Any CPU
		{08CF2A44-01D8-44D0-BB03-843ED01917B7}.Release|Any CPU.ActiveCfg = Release|Any CPU
		{08CF2A44-01D8-44D0-BB03-843ED01917B7}.Release|Any CPU.Build.0 = Release|Any CPU
	EndGlobalSection
	GlobalSection(SolutionProperties) = preSolution
		HideSolutionNode = FALSE
	EndGlobalSection
	GlobalSection(ExtensibilityGlobals) = postSolution
		SolutionGuid = {7D6E07DB-74D2-44C2-89B4-33D6FB2B4486}
	EndGlobalSection
EndGlobal
